{
  "name": "pubnub-ks-companion",
  "version": "0.1.0",
  "lockfileVersion": 3,
  "requires": true,
  "packages": {
    "": {
      "name": "pubnub-ks-companion",
      "version": "0.1.0",
      "dependencies": {
        "pubnub": "^13.0.1"
      }
    },
    "node_modules/agentkeepalive": {
      "version": "3.5.3",
      "resolved": "https://registry.npmjs.org/agentkeepalive/-/agentkeepalive-3.5.3.tgz",
      "integrity": "sha512-yqXL+k5rr8+ZRpOAntkaaRgWgE5o8ESAj5DyRmVTCSoZxXmqemb9Dd7T4i5UzwuERdLAJUy6XzR9zFVuf0kzkw==",
      "license": "MIT",
      "dependencies": {
        "humanize-ms": "^1.2.1"
      },
      "engines": {
        "node": ">= 4.0.0"
      }
    },
    "node_modules/base64-js": {
      "version": "1.5.1",
      "resolved": "https://registry.npmjs.org/base64-js/-/base64-js-1.5.1.tgz",
      "integrity": "sha512-AKpaYlHn8t4SVbOHCy+b5+KKgvR4vrsD8vbvrbiQJps7fKDTkjkDry6ji0rUJjC0kzbNePLwzxq8iypo41qeWA==",
      "funding": [
        {
          "type": "github",
          "url": "https://github.com/sponsors/feross"
        },
        {
          "type": "patreon",
          "url": "https://www.patreon.com/feross"
        },
        {
          "type": "consulting",
          "url": "https://feross.org/support"
        }
      ],
      "license": "MIT"
    },
    "node_modules/buffer": {
      "version": "6.0.3",
      "resolved": "https://registry.npmjs.org/buffer/-/buffer-6.0.3.tgz",
      "integrity": "sha512-FTiCpNxtwiZZHEZbcbTIcZjERVICn9yq/pDFkTl95/AxzD1naBctN7YO68riM/gLSDY7sdrMby8hofADYuuqOA==",
      "funding": [
        {
          "type": "github",
          "url": "https://github.com/sponsors/feross"
        },
        {
          "type": "patreon",
          "url": "https://www.patreon.com/feross"
        },
        {
          "type": "consulting",
          "url": "https://feross.org/support"
        }
      ],
      "license": "MIT",
      "dependencies": {
        "base64-js": "^1.3.1",
        "ieee754": "^1.2.1"
      }
    },
    "node_modules/cbor-js": {
      "version": "0.1.0",
      "resolved": "https://registry.npmjs.org/cbor-js/-/cbor-js-0.1.0.tgz",
      "integrity": "sha512-7sQ/TvDZPl7csT1Sif9G0+MA0I0JOVah8+wWlJVQdVEgIbCzlN/ab3x+uvMNsc34TUvO6osQTAmB2ls80JX6tw==",
      "license": "MIT"
    },
    "node_modules/cbor-sync": {
      "version": "1.0.4",
      "resolved": "https://registry.npmjs.org/cbor-sync/-/cbor-sync-1.0.4.tgz",
      "integrity": "sha512-GWlXN4wiz0vdWWXBU71Dvc1q3aBo0HytqwAZnXF1wOwjqNnDWA1vZ1gDMFLlqohak31VQzmhiYfiCX5QSSfagA==",
      "license": "MIT"
    },
    "node_modules/fast-text-encoding": {
      "version": "1.0.6",
      "resolved": "https://registry.npmjs.org/fast-text-encoding/-/fast-text-encoding-1.0.6.tgz",
      "integrity": "sha512-VhXlQgj9ioXCqGstD37E/HBeqEGV/qOD/kmbVG8h5xKBYvM1L3lR1Zn4555cQ8GkYbJa8aJSipLPndE1k6zK2w==",
      "license": "Apache-2.0"
    },
    "node_modules/fflate": {
      "version": "0.8.3",
      "resolved": "https://registry.npmjs.org/fflate/-/fflate-0.8.3.tgz",
      "integrity": "sha512-tbZNuJrLwGUp3zshBtdy4W+ORxZuIh8a5ilyIEQDC5rY1f3U20JMry0Ll3WBzU58EZKsEuJFXhb5gwv8CsPvgA==",
      "license": "MIT"
    },
    "node_modules/humanize-ms": {
      "version": "1.2.1",
      "resolved": "https://registry.npmjs.org/humanize-ms/-/humanize-ms-1.2.1.tgz",
      "integrity": "sha512-Fl70vYtsAFb/C06PTS9dZBo7ihau+Tu/DNCk/OyHhea07S+aeMWpFFkUaXRa8fI+ScZbEI8dfSxwY7gxZ9SAVQ==",
      "license": "MIT",
      "dependencies": {
        "ms": "^2.0.0"
      }
    },
    "node_modules/ieee754": {
      "version": "1.2.1",
      "resolved": "https://registry.npmjs.org/ieee754/-/ieee754-1.2.1.tgz",
      "integrity": "sha512-dcyqhDvX1C46lXZcVqCpK+FtMRQVdIMN6/Df5js2zouUsqG7I6sFxitIC+7KYK29KdXOLHdu9zL4sFnoVQnqaA==",
      "funding": [
        {
          "type": "github",
          "url": "https://github.com/sponsors/feross"
        },
        {
          "type": "patreon",
          "url": "https://www.patreon.com/feross"
        },
        {
          "type": "consulting",
          "url": "https://feross.org/support"
        }
      ],
      "license": "BSD-3-Clause"
    },
    "node_modules/lil-uuid": {
      "version": "0.1.1",
      "resolved": "https://registry.npmjs.org/lil-uuid/-/lil-uuid-0.1.1.tgz",
      "integrity": "sha512-GhWI8f61tBlMeqULZ1QWhFiiyFIFdPlg//S8Udq1wjq1FJhpFKTfnbduSxAQjueofeUtpr7UvQ/lIK/sKUF8dg==",
      "license": "MIT"
    },
    "node_modules/ms": {
      "version": "2.1.3",
      "resolved": "https://registry.npmjs.org/ms/-/ms-2.1.3.tgz",
      "integrity": "sha512-6FlzubTLZG3J2a/NVCAleEhjzq5oxgHyaCU9yYXvcLsvoVaHJq/s5xXI6/XXP6tz7R9xAOtHnSO/tXtF3WRTlA==",
      "license": "MIT"
    },
    "node_modules/pubnub": {
      "version": "13.0.1",
      "resolved": "https://registry.npmjs.org/pubnub/-/pubnub-13.0.1.tgz",
      "integrity": "sha512-ApqwQx0vN8Zx4S9rPuhNbZ2w4S5XZy1CR4KNtI3kdXpe2JQBGODygXar2inrEmPXrCvi+5pJb90gF10/xJ1hnA==",
      "license": "SEE LICENSE IN LICENSE",
      "dependencies": {
        "agentkeepalive": "^3.5.2",
        "buffer": "^6.0.3",
        "cbor-js": "^0.1.0",
        "cbor-sync": "^1.0.4",
        "fast-text-encoding": "^1.0.6",
        "fflate": "^0.8.2",
        "lil-uuid": "^0.1.1",
        "undici": "^7.29.0"
      },
      "engines": {
        "node": ">=22.0.0"
      },
      "peerDependencies": {
        "react-native-url-polyfill": "^2.0.0"
      },
      "peerDependenciesMeta": {
        "react-native-url-polyfill": {
          "optional": true
        }
      }
    },
    "node_modules/undici": {
      "version": "7.29.1",
      "resolved": "https://registry.npmjs.org/undici/-/undici-7.29.1.tgz",
      "integrity": "sha512-RYONW2MeafgYlkVOKYKkA/Ag7BmXqgIWCa8t1m0JcxrQg9pI9lEqRhAOruOBCbAohOa/gkCF+iPi9hrgvTzu6Q==",
      "license": "MIT",
      "engines": {
        "node": ">=20.18.1"
      }
    }
  }
}
